
Microsoft Visual Studio Solution File, Format Version 12.00
# Visual Studio 15
VisualStudioVersion = 15.0.27004.2005
MinimumVisualStudioVersion = 10.0.40219.1
Project("{9A19103F-16F7-4668-BE54-9A1E7A4F7556}") = "Api", "Api\Api.csproj", "{A3743C09-8D87-487A-97B4-8DC8482CD72E}"
EndProject
Project("{9A19103F-16F7-4668-BE54-9A1E7A4F7556}") = "QuickstartIdentityServer", "QuickstartIdentityServer\QuickstartIdentityServer.csproj", "{33CCC409-64A9-40BA-84BA-226226FF1DE6}"
EndProject
Project("{FAE04EC0-301F-11D3-BF4B-00C04F79EFBC}") = "WebBrowserLib", "WebBrowserLib\WebBrowserLib.csproj", "{844655D9-F659-447E-90CD-8162A41262AF}"
EndProject
Project("{FAE04EC0-301F-11D3-BF4B-00C04F79EFBC}") = "WebBrowserLib.WinForms", "WebBrowserLib.WinForms\WebBrowserLib.WinForms.csproj", "{A2C9412D-4D1F-4001-83EC-64FE2C926B36}"
EndProject
Project("{FAE04EC0-301F-11D3-BF4B-00C04F79EFBC}") = "WebBrowserLib.Wpf", "WebBrowserLib.Wpf\WebBrowserLib.Wpf.csproj", "{63360344-6B20-4BE0-9F71-EA5D687E50C4}"
EndProject
Project("{FAE04EC0-301F-11D3-BF4B-00C04F79EFBC}") = "WebBrowserLib.MsHtml", "WebBrowserLib.mshtml\WebBrowserLib.MsHtml.csproj", "{DEDFCF81-A59C-4688-B089-38E56D7AFB41}"
EndProject
Project("{FAE04EC0-301F-11D3-BF4B-00C04F79EFBC}") = "UsingWebBrowserLib", "WpfUsingWebBrowserLib\UsingWebBrowserLib.csproj", "{CC2918D6-7A8A-44E3-A59A-63B81346FD53}"
EndProject
Project("{2150E333-8FDC-42A3-9474-1A3956D46DE8}") = "Libraries", "Libraries", "{1072F979-E52F-4FA6-BAAA-4B47944FFE85}"
EndProject
Project("{2150E333-8FDC-42A3-9474-1A3956D46DE8}") = "Test Applications", "Test Applications", "{B80E9422-CB06-47A1-89DC-F418A2DDFA80}"
EndProject
Project("{2150E333-8FDC-42A3-9474-1A3956D46DE8}") = "Common", "Common", "{88261B91-52D7-4FFB-A0FE-C9DC5E1694A0}"
EndProject
Project("{2150E333-8FDC-42A3-9474-1A3956D46DE8}") = "Web", "Web", "{2EE622C4-52D3-46E2-A8E5-A49A5DB1517D}"
EndProject
Project("{2150E333-8FDC-42A3-9474-1A3956D46DE8}") = "Windows", "Windows", "{EDDB1A85-2E6E-46DB-BAC5-E99E79219C85}"
EndProject
Project("{FAE04EC0-301F-11D3-BF4B-00C04F79EFBC}") = "WebBrowserLib.Selenium", "WebBrowserLib.Selenium\WebBrowserLib.Selenium.csproj", "{9B380EF2-1168-420D-B864-44C7FD827674}"
EndProject
Project("{FAE04EC0-301F-11D3-BF4B-00C04F79EFBC}") = "UsingSeleniumFromWpf", "UsingSeleniumFromWpf\UsingSeleniumFromWpf.csproj", "{31502CBA-1CC5-4E5A-92B5-D0195C1A72EC}"
EndProject
Project("{FAE04EC0-301F-11D3-BF4B-00C04F79EFBC}") = "UsingChromeSeleniumFromWpf", "UsingChromeSeleniumFromWpf\UsingChromeSeleniumFromWpf.csproj", "{AF17CE70-2D77-4655-8BA2-BD9908B181AE}"
EndProject
Project("{FAE04EC0-301F-11D3-BF4B-00C04F79EFBC}") = "UsingFirefoxSeleniumFromWpf", "UsingFirefoxSeleniumFromWpf\UsingFirefoxSeleniumFromWpf.csproj", "{5DCA70F2-065C-4586-8D1A-48B4F5D55809}"
EndProject
Project("{FAE04EC0-301F-11D3-BF4B-00C04F79EFBC}") = "UsingWebBrowserFromWinForm", "UsingWebBrowserFromWinForm\UsingWebBrowserFromWinForm.csproj", "{8825B87E-8525-4EE2-B1E2-74B2DC8A3030}"
EndProject
Project("{FAE04EC0-301F-11D3-BF4B-00C04F79EFBC}") = "UsingWebBrowserFromWpf", "UsingWebBrowserFromWpf\UsingWebBrowserFromWpf.csproj", "{F6DF6FEC-67A5-4CAB-B5E3-C5B83EDBDF29}"
EndProject
Project("{FAE04EC0-301F-11D3-BF4B-00C04F79EFBC}") = "WebBrowserLib.CefSharp", "WebBrowserLib.CefSharp\WebBrowserLib.CefSharp.csproj", "{810AFE94-0123-413A-A59A-B523FC611BA4}"
EndProject
Project("{FAE04EC0-301F-11D3-BF4B-00C04F79EFBC}") = "UsingCefSharpFromWpf", "UsingCefSharpFromWpf\UsingCefSharpFromWpf.csproj", "{904490FF-3A18-424B-A130-5E143D446AD3}"
EndProject
Global
	GlobalSection(SolutionConfigurationPlatforms) = preSolution
		Debug|Any CPU = Debug|Any CPU
		Debug|x64 = Debug|x64
		Release|Any CPU = Release|Any CPU
		Release|x64 = Release|x64
	EndGlobalSection
	GlobalSection(ProjectConfigurationPlatforms) = postSolution
		{A3743C09-8D87-487A-97B4-8DC8482CD72E}.Debug|Any CPU.ActiveCfg = Debug|Any CPU
		{A3743C09-8D87-487A-97B4-8DC8482CD72E}.Debug|Any CPU.Build.0 = Debug|Any CPU
		{A3743C09-8D87-487A-97B4-8DC8482CD72E}.Debug|x64.ActiveCfg = Debug|x64
		{A3743C09-8D87-487A-97B4-8DC8482CD72E}.Debug|x64.Build.0 = Debug|x64
		{A3743C09-8D87-487A-97B4-8DC8482CD72E}.Release|Any CPU.ActiveCfg = Release|Any CPU
		{A3743C09-8D87-487A-97B4-8DC8482CD72E}.Release|Any CPU.Build.0 = Release|Any CPU
		{A3743C09-8D87-487A-97B4-8DC8482CD72E}.Release|x64.ActiveCfg = Release|x64
		{A3743C09-8D87-487A-97B4-8DC8482CD72E}.Release|x64.Build.0 = Release|x64
		{33CCC409-64A9-40BA-84BA-226226FF1DE6}.Debug|Any CPU.ActiveCfg = Debug|Any CPU
		{33CCC409-64A9-40BA-84BA-226226FF1DE6}.Debug|Any CPU.Build.0 = Debug|Any CPU
		{33CCC409-64A9-40BA-84BA-226226FF1DE6}.Debug|x64.ActiveCfg = Debug|x64
		{33CCC409-64A9-40BA-84BA-226226FF1DE6}.Debug|x64.Build.0 = Debug|x64
		{33CCC409-64A9-40BA-84BA-226226FF1DE6}.Release|Any CPU.ActiveCfg = Release|Any CPU
		{33CCC409-64A9-40BA-84BA-226226FF1DE6}.Release|Any CPU.Build.0 = Release|Any CPU
		{33CCC409-64A9-40BA-84BA-226226FF1DE6}.Release|x64.ActiveCfg = Release|x64
		{33CCC409-64A9-40BA-84BA-226226FF1DE6}.Release|x64.Build.0 = Release|x64
		{844655D9-F659-447E-90CD-8162A41262AF}.Debug|Any CPU.ActiveCfg = Debug|Any CPU
		{844655D9-F659-447E-90CD-8162A41262AF}.Debug|Any CPU.Build.0 = Debug|Any CPU
		{844655D9-F659-447E-90CD-8162A41262AF}.Debug|x64.ActiveCfg = Debug|x64
		{844655D9-F659-447E-90CD-8162A41262AF}.Debug|x64.Build.0 = Debug|x64
		{844655D9-F659-447E-90CD-8162A41262AF}.Release|Any CPU.ActiveCfg = Release|Any CPU
		{844655D9-F659-447E-90CD-8162A41262AF}.Release|Any CPU.Build.0 = Release|Any CPU
		{844655D9-F659-447E-90CD-8162A41262AF}.Release|x64.ActiveCfg = Release|x64
		{844655D9-F659-447E-90CD-8162A41262AF}.Release|x64.Build.0 = Release|x64
		{A2C9412D-4D1F-4001-83EC-64FE2C926B36}.Debug|Any CPU.ActiveCfg = Debug|Any CPU
		{A2C9412D-4D1F-4001-83EC-64FE2C926B36}.Debug|Any CPU.Build.0 = Debug|Any CPU
		{A2C9412D-4D1F-4001-83EC-64FE2C926B36}.Debug|x64.ActiveCfg = Debug|x64
		{A2C9412D-4D1F-4001-83EC-64FE2C926B36}.Debug|x64.Build.0 = Debug|x64
		{A2C9412D-4D1F-4001-83EC-64FE2C926B36}.Release|Any CPU.ActiveCfg = Release|Any CPU
		{A2C9412D-4D1F-4001-83EC-64FE2C926B36}.Release|Any CPU.Build.0 = Release|Any CPU
		{A2C9412D-4D1F-4001-83EC-64FE2C926B36}.Release|x64.ActiveCfg = Release|x64
		{A2C9412D-4D1F-4001-83EC-64FE2C926B36}.Release|x64.Build.0 = Release|x64
		{63360344-6B20-4BE0-9F71-EA5D687E50C4}.Debug|Any CPU.ActiveCfg = Debug|Any CPU
		{63360344-6B20-4BE0-9F71-EA5D687E50C4}.Debug|Any CPU.Build.0 = Debug|Any CPU
		{63360344-6B20-4BE0-9F71-EA5D687E50C4}.Debug|x64.ActiveCfg = Debug|x64
		{63360344-6B20-4BE0-9F71-EA5D687E50C4}.Debug|x64.Build.0 = Debug|x64
		{63360344-6B20-4BE0-9F71-EA5D687E50C4}.Release|Any CPU.ActiveCfg = Release|Any CPU
		{63360344-6B20-4BE0-9F71-EA5D687E50C4}.Release|Any CPU.Build.0 = Release|Any CPU
		{63360344-6B20-4BE0-9F71-EA5D687E50C4}.Release|x64.ActiveCfg = Release|x64
		{63360344-6B20-4BE0-9F71-EA5D687E50C4}.Release|x64.Build.0 = Release|x64
		{DEDFCF81-A59C-4688-B089-38E56D7AFB41}.Debug|Any CPU.ActiveCfg = Debug|Any CPU
		{DEDFCF81-A59C-4688-B089-38E56D7AFB41}.Debug|Any CPU.Build.0 = Debug|Any CPU
		{DEDFCF81-A59C-4688-B089-38E56D7AFB41}.Debug|x64.ActiveCfg = Debug|x64
		{DEDFCF81-A59C-4688-B089-38E56D7AFB41}.Debug|x64.Build.0 = Debug|x64
		{DEDFCF81-A59C-4688-B089-38E56D7AFB41}.Release|Any CPU.ActiveCfg = Release|Any CPU
		{DEDFCF81-A59C-4688-B089-38E56D7AFB41}.Release|Any CPU.Build.0 = Release|Any CPU
		{DEDFCF81-A59C-4688-B089-38E56D7AFB41}.Release|x64.ActiveCfg = Release|x64
		{DEDFCF81-A59C-4688-B089-38E56D7AFB41}.Release|x64.Build.0 = Release|x64
		{CC2918D6-7A8A-44E3-A59A-63B81346FD53}.Debug|Any CPU.ActiveCfg = Debug|Any CPU
		{CC2918D6-7A8A-44E3-A59A-63B81346FD53}.Debug|Any CPU.Build.0 = Debug|Any CPU
		{CC2918D6-7A8A-44E3-A59A-63B81346FD53}.Debug|x64.ActiveCfg = Debug|x64
		{CC2918D6-7A8A-44E3-A59A-63B81346FD53}.Debug|x64.Build.0 = Debug|x64
		{CC2918D6-7A8A-44E3-A59A-63B81346FD53}.Release|Any CPU.ActiveCfg = Release|Any CPU
		{CC2918D6-7A8A-44E3-A59A-63B81346FD53}.Release|Any CPU.Build.0 = Release|Any CPU
		{CC2918D6-7A8A-44E3-A59A-63B81346FD53}.Release|x64.ActiveCfg = Release|x64
		{CC2918D6-7A8A-44E3-A59A-63B81346FD53}.Release|x64.Build.0 = Release|x64
		{9B380EF2-1168-420D-B864-44C7FD827674}.Debug|Any CPU.ActiveCfg = Debug|Any CPU
		{9B380EF2-1168-420D-B864-44C7FD827674}.Debug|Any CPU.Build.0 = Debug|Any CPU
		{9B380EF2-1168-420D-B864-44C7FD827674}.Debug|x64.ActiveCfg = Debug|x64
		{9B380EF2-1168-420D-B864-44C7FD827674}.Debug|x64.Build.0 = Debug|x64
		{9B380EF2-1168-420D-B864-44C7FD827674}.Release|Any CPU.ActiveCfg = Release|Any CPU
		{9B380EF2-1168-420D-B864-44C7FD827674}.Release|Any CPU.Build.0 = Release|Any CPU
		{9B380EF2-1168-420D-B864-44C7FD827674}.Release|x64.ActiveCfg = Release|x64
		{9B380EF2-1168-420D-B864-44C7FD827674}.Release|x64.Build.0 = Release|x64
		{31502CBA-1CC5-4E5A-92B5-D0195C1A72EC}.Debug|Any CPU.ActiveCfg = Debug|Any CPU
		{31502CBA-1CC5-4E5A-92B5-D0195C1A72EC}.Debug|Any CPU.Build.0 = Debug|Any CPU
		{31502CBA-1CC5-4E5A-92B5-D0195C1A72EC}.Debug|x64.ActiveCfg = Debug|x64
		{31502CBA-1CC5-4E5A-92B5-D0195C1A72EC}.Debug|x64.Build.0 = Debug|x64
		{31502CBA-1CC5-4E5A-92B5-D0195C1A72EC}.Release|Any CPU.ActiveCfg = Release|Any CPU
		{31502CBA-1CC5-4E5A-92B5-D0195C1A72EC}.Release|Any CPU.Build.0 = Release|Any CPU
		{31502CBA-1CC5-4E5A-92B5-D0195C1A72EC}.Release|x64.ActiveCfg = Release|x64
		{31502CBA-1CC5-4E5A-92B5-D0195C1A72EC}.Release|x64.Build.0 = Release|x64
		{AF17CE70-2D77-4655-8BA2-BD9908B181AE}.Debug|Any CPU.ActiveCfg = Debug|Any CPU
		{AF17CE70-2D77-4655-8BA2-BD9908B181AE}.Debug|Any CPU.Build.0 = Debug|Any CPU
		{AF17CE70-2D77-4655-8BA2-BD9908B181AE}.Debug|x64.ActiveCfg = Debug|x64
		{AF17CE70-2D77-4655-8BA2-BD9908B181AE}.Debug|x64.Build.0 = Debug|x64
		{AF17CE70-2D77-4655-8BA2-BD9908B181AE}.Release|Any CPU.ActiveCfg = Release|Any CPU
		{AF17CE70-2D77-4655-8BA2-BD9908B181AE}.Release|Any CPU.Build.0 = Release|Any CPU
		{AF17CE70-2D77-4655-8BA2-BD9908B181AE}.Release|x64.ActiveCfg = Release|x64
		{AF17CE70-2D77-4655-8BA2-BD9908B181AE}.Release|x64.Build.0 = Release|x64
		{5DCA70F2-065C-4586-8D1A-48B4F5D55809}.Debug|Any CPU.ActiveCfg = Debug|Any CPU
		{5DCA70F2-065C-4586-8D1A-48B4F5D55809}.Debug|Any CPU.Build.0 = Debug|Any CPU
		{5DCA70F2-065C-4586-8D1A-48B4F5D55809}.Debug|x64.ActiveCfg = Debug|x64
		{5DCA70F2-065C-4586-8D1A-48B4F5D55809}.Debug|x64.Build.0 = Debug|x64
		{5DCA70F2-065C-4586-8D1A-48B4F5D55809}.Release|Any CPU.ActiveCfg = Release|Any CPU
		{5DCA70F2-065C-4586-8D1A-48B4F5D55809}.Release|Any CPU.Build.0 = Release|Any CPU
		{5DCA70F2-065C-4586-8D1A-48B4F5D55809}.Release|x64.ActiveCfg = Release|x64
		{5DCA70F2-065C-4586-8D1A-48B4F5D55809}.Release|x64.Build.0 = Release|x64
		{8825B87E-8525-4EE2-B1E2-74B2DC8A3030}.Debug|Any CPU.ActiveCfg = Debug|Any CPU
		{8825B87E-8525-4EE2-B1E2-74B2DC8A3030}.Debug|Any CPU.Build.0 = Debug|Any CPU
		{8825B87E-8525-4EE2-B1E2-74B2DC8A3030}.Debug|x64.ActiveCfg = Debug|x64
		{8825B87E-8525-4EE2-B1E2-74B2DC8A3030}.Debug|x64.Build.0 = Debug|x64
		{8825B87E-8525-4EE2-B1E2-74B2DC8A3030}.Release|Any CPU.ActiveCfg = Release|Any CPU
		{8825B87E-8525-4EE2-B1E2-74B2DC8A3030}.Release|Any CPU.Build.0 = Release|Any CPU
		{8825B87E-8525-4EE2-B1E2-74B2DC8A3030}.Release|x64.ActiveCfg = Release|x64
		{8825B87E-8525-4EE2-B1E2-74B2DC8A3030}.Release|x64.Build.0 = Release|x64
		{F6DF6FEC-67A5-4CAB-B5E3-C5B83EDBDF29}.Debug|Any CPU.ActiveCfg = Debug|Any CPU
		{F6DF6FEC-67A5-4CAB-B5E3-C5B83EDBDF29}.Debug|Any CPU.Build.0 = Debug|Any CPU
		{F6DF6FEC-67A5-4CAB-B5E3-C5B83EDBDF29}.Debug|x64.ActiveCfg = Debug|x64
		{F6DF6FEC-67A5-4CAB-B5E3-C5B83EDBDF29}.Debug|x64.Build.0 = Debug|x64
		{F6DF6FEC-67A5-4CAB-B5E3-C5B83EDBDF29}.Release|Any CPU.ActiveCfg = Release|Any CPU
		{F6DF6FEC-67A5-4CAB-B5E3-C5B83EDBDF29}.Release|Any CPU.Build.0 = Release|Any CPU
		{F6DF6FEC-67A5-4CAB-B5E3-C5B83EDBDF29}.Release|x64.ActiveCfg = Release|x64
		{F6DF6FEC-67A5-4CAB-B5E3-C5B83EDBDF29}.Release|x64.Build.0 = Release|x64
		{810AFE94-0123-413A-A59A-B523FC611BA4}.Debug|Any CPU.ActiveCfg = Debug|Any CPU
		{810AFE94-0123-413A-A59A-B523FC611BA4}.Debug|Any CPU.Build.0 = Debug|Any CPU
		{810AFE94-0123-413A-A59A-B523FC611BA4}.Debug|x64.ActiveCfg = Debug|x64
		{810AFE94-0123-413A-A59A-B523FC611BA4}.Debug|x64.Build.0 = Debug|x64
		{810AFE94-0123-413A-A59A-B523FC611BA4}.Release|Any CPU.ActiveCfg = Release|Any CPU
		{810AFE94-0123-413A-A59A-B523FC611BA4}.Release|Any CPU.Build.0 = Release|Any CPU
		{810AFE94-0123-413A-A59A-B523FC611BA4}.Release|x64.ActiveCfg = Release|x64
		{810AFE94-0123-413A-A59A-B523FC611BA4}.Release|x64.Build.0 = Release|x64
		{904490FF-3A18-424B-A130-5E143D446AD3}.Debug|Any CPU.ActiveCfg = Debug|Any CPU
		{904490FF-3A18-424B-A130-5E143D446AD3}.Debug|Any CPU.Build.0 = Debug|Any CPU
		{904490FF-3A18-424B-A130-5E143D446AD3}.Debug|x64.ActiveCfg = Debug|x64
		{904490FF-3A18-424B-A130-5E143D446AD3}.Debug|x64.Build.0 = Debug|x64
		{904490FF-3A18-424B-A130-5E143D446AD3}.Release|Any CPU.ActiveCfg = Release|Any CPU
		{904490FF-3A18-424B-A130-5E143D446AD3}.Release|Any CPU.Build.0 = Release|Any CPU
		{904490FF-3A18-424B-A130-5E143D446AD3}.Release|x64.ActiveCfg = Release|x64
		{904490FF-3A18-424B-A130-5E143D446AD3}.Release|x64.Build.0 = Release|x64
	EndGlobalSection
	GlobalSection(SolutionProperties) = preSolution
		HideSolutionNode = FALSE
	EndGlobalSection
	GlobalSection(NestedProjects) = preSolution
		{A3743C09-8D87-487A-97B4-8DC8482CD72E} = {2EE622C4-52D3-46E2-A8E5-A49A5DB1517D}
		{33CCC409-64A9-40BA-84BA-226226FF1DE6} = {2EE622C4-52D3-46E2-A8E5-A49A5DB1517D}
		{844655D9-F659-447E-90CD-8162A41262AF} = {1072F979-E52F-4FA6-BAAA-4B47944FFE85}
		{A2C9412D-4D1F-4001-83EC-64FE2C926B36} = {1072F979-E52F-4FA6-BAAA-4B47944FFE85}
		{63360344-6B20-4BE0-9F71-EA5D687E50C4} = {1072F979-E52F-4FA6-BAAA-4B47944FFE85}
		{DEDFCF81-A59C-4688-B089-38E56D7AFB41} = {1072F979-E52F-4FA6-BAAA-4B47944FFE85}
		{CC2918D6-7A8A-44E3-A59A-63B81346FD53} = {88261B91-52D7-4FFB-A0FE-C9DC5E1694A0}
		{88261B91-52D7-4FFB-A0FE-C9DC5E1694A0} = {EDDB1A85-2E6E-46DB-BAC5-E99E79219C85}
		{2EE622C4-52D3-46E2-A8E5-A49A5DB1517D} = {B80E9422-CB06-47A1-89DC-F418A2DDFA80}
		{EDDB1A85-2E6E-46DB-BAC5-E99E79219C85} = {B80E9422-CB06-47A1-89DC-F418A2DDFA80}
		{9B380EF2-1168-420D-B864-44C7FD827674} = {1072F979-E52F-4FA6-BAAA-4B47944FFE85}
		{31502CBA-1CC5-4E5A-92B5-D0195C1A72EC} = {88261B91-52D7-4FFB-A0FE-C9DC5E1694A0}
		{AF17CE70-2D77-4655-8BA2-BD9908B181AE} = {EDDB1A85-2E6E-46DB-BAC5-E99E79219C85}
		{5DCA70F2-065C-4586-8D1A-48B4F5D55809} = {EDDB1A85-2E6E-46DB-BAC5-E99E79219C85}
		{8825B87E-8525-4EE2-B1E2-74B2DC8A3030} = {EDDB1A85-2E6E-46DB-BAC5-E99E79219C85}
		{F6DF6FEC-67A5-4CAB-B5E3-C5B83EDBDF29} = {EDDB1A85-2E6E-46DB-BAC5-E99E79219C85}
		{810AFE94-0123-413A-A59A-B523FC611BA4} = {1072F979-E52F-4FA6-BAAA-4B47944FFE85}
		{904490FF-3A18-424B-A130-5E143D446AD3} = {EDDB1A85-2E6E-46DB-BAC5-E99E79219C85}
	EndGlobalSection
	GlobalSection(ExtensibilityGlobals) = postSolution
		SolutionGuid = {4916AC67-3E5C-4FB6-9A57-4FEA88D81C88}
	EndGlobalSection
EndGlobal
